// !$*UTF8*$!
{
	archiveVersion = 1;
	classes = {
	};
	objectVersion = 56;
	objects = {

/* Begin PBXBuildFile section */
		B10001 /* islamicapp.swift in Sources */ = {isa = PBXBuildFile; fileRef = F10001; };
		B10002 /* mainview.swift in Sources */ = {isa = PBXBuildFile; fileRef = F10002; };
		B10003 /* prayerview.swift in Sources */ = {isa = PBXBuildFile; fileRef = F10003; };
		B10004 /* quranview.swift in Sources */ = {isa = PBXBuildFile; fileRef = F10004; };
		B10005 /* qiblaview.swift in Sources */ = {isa = PBXBuildFile; fileRef = F10005; };
		B10006 /* duaview.swift in Sources */ = {isa = PBXBuildFile; fileRef = F10006; };
		B10007 /* settingsview.swift in Sources */ = {isa = PBXBuildFile; fileRef = F10007; };
		B10008 /* glassstyle.swift in Sources */ = {isa = PBXBuildFile; fileRef = F10008; };
		B10009 /* liquidbackground.swift in Sources */ = {isa = PBXBuildFile; fileRef = F10009; };
		B10010 /* prayerservice.swift in Sources */ = {isa = PBXBuildFile; fileRef = F10010; };
		B10011 /* prayerviewmodel.swift in Sources */ = {isa = PBXBuildFile; fileRef = F10011; };
		B10012 /* quranmodel.swift in Sources */ = {isa = PBXBuildFile; fileRef = F10012; };
		B10013 /* quranservice.swift in Sources */ = {isa = PBXBuildFile; fileRef = F10013; };
		B10014 /* quranviewmodel.swift in Sources */ = {isa = PBXBuildFile; fileRef = F10014; };
		B10015 /* qiblaservice.swift in Sources */ = {isa = PBXBuildFile; fileRef = F10015; };
		B10016 /* duamodel.swift in Sources */ = {isa = PBXBuildFile; fileRef = F10016; };
/* End PBXBuildFile section */

/* Begin PBXFileReference section */
		F10001 /* islamicapp.swift */ = {isa = PBXFileReference; lastKnownFileType = sourcecode.swift; path = islamicapp.swift; sourceTree = "<group>"; };
		F10002 /* mainview.swift */ = {isa = PBXFileReference; lastKnownFileType = sourcecode.swift; path = mainview.swift; sourceTree = "<group>"; };
		F10003 /* prayerview.swift */ = {isa = PBXFileReference; lastKnownFileType = sourcecode.swift; path = prayerview.swift; sourceTree = "<group>"; };
		F10004 /* quranview.swift */ = {isa = PBXFileReference; lastKnownFileType = sourcecode.swift; path = quranview.swift; sourceTree = "<group>"; };
		F10005 /* qiblaview.swift */ = {isa = PBXFileReference; lastKnownFileType = sourcecode.swift; path = qiblaview.swift; sourceTree = "<group>"; };
		F10006 /* duaview.swift */ = {isa = PBXFileReference; lastKnownFileType = sourcecode.swift; path = duaview.swift; sourceTree = "<group>"; };
		F10007 /* settingsview.swift */ = {isa = PBXFileReference; lastKnownFileType = sourcecode.swift; path = settingsview.swift; sourceTree = "<group>"; };
		F10008 /* glassstyle.swift */ = {isa = PBXFileReference; lastKnownFileType = sourcecode.swift; path = glassstyle.swift; sourceTree = "<group>"; };
		F10009 /* liquidbackground.swift */ = {isa = PBXFileReference; lastKnownFileType = sourcecode.swift; path = liquidbackground.swift; sourceTree = "<group>"; };
		F10010 /* prayerservice.swift */ = {isa = PBXFileReference; lastKnownFileType = sourcecode.swift; path = prayerservice.swift; sourceTree = "<group>"; };
		F10011 /* prayerviewmodel.swift */ = {isa = PBXFileReference; lastKnownFileType = sourcecode.swift; path = prayerviewmodel.swift; sourceTree = "<group>"; };
		F10012 /* quranmodel.swift */ = {isa = PBXFileReference; lastKnownFileType = sourcecode.swift; path = quranmodel.swift; sourceTree = "<group>"; };
		F10013 /* quranservice.swift */ = {isa = PBXFileReference; lastKnownFileType = sourcecode.swift; path = quranservice.swift; sourceTree = "<group>"; };
		F10014 /* quranviewmodel.swift */ = {isa = PBXFileReference; lastKnownFileType = sourcecode.swift; path = quranviewmodel.swift; sourceTree = "<group>"; };
		F10015 /* qiblaservice.swift */ = {isa = PBXFileReference; lastKnownFileType = sourcecode.swift; path = qiblaservice.swift; sourceTree = "<group>"; };
		F10016 /* duamodel.swift */ = {isa = PBXFileReference; lastKnownFileType = sourcecode.swift; path = duamodel.swift; sourceTree = "<group>"; };
		P10001 /* islamicapp.app */ = {isa = PBXFileReference; explicitFileType = wrapper.application; includeInIndex = 0; path = islamicapp.app; sourceTree = BUILT_PRODUCTS_DIR; };
/* End PBXFileReference section */

/* Begin PBXFrameworksBuildPhase section */
		FR0001 /* Frameworks */ = {
			isa = PBXFrameworksBuildPhase;
			buildActionMask = 2147483647;
			files = (
			);
			runOnlyForDeploymentPostprocessing = 0;
		};
/* End PBXFrameworksBuildPhase section */

/* Begin PBXGroup section */
		G10001 = {
			isa = PBXGroup;
			children = (
				G10002 /* islamicapp */,
				G10003 /* Products */,
			);
			sourceTree = "<group>";
		};
		G10002 /* islamicapp */ = {
			isa = PBXGroup;
			children = (
				F10001 /* islamicapp.swift */,
				F10002 /* mainview.swift */,
				F10003 /* prayerview.swift */,
				F10004 /* quranview.swift */,
				F10005 /* qiblaview.swift */,
				F10006 /* duaview.swift */,
				F10007 /* settingsview.swift */,
				F10008 /* glassstyle.swift */,
				F10009 /* liquidbackground.swift */,
				F10010 /* prayerservice.swift */,
				F10011 /* prayerviewmodel.swift */,
				F10012 /* quranmodel.swift */,
				F10013 /* quranservice.swift */,
				F10014 /* quranviewmodel.swift */,
				F10015 /* qiblaservice.swift */,
				F10016 /* duamodel.swift */,
			);
			path = islamicapp;
			sourceTree = "<group>";
		};
		G10003 /* Products */ = {
			isa = PBXGroup;
			children = (
				P10001 /* islamicapp.app */,
			);
			name = Products;
			sourceTree = "<group>";
		};
/* End PBXGroup section */

/* Begin PBXNativeTarget section */
		T10001 /* islamicapp */ = {
			isa = PBXNativeTarget;
			buildConfigurationList = CL0002 /* Build configuration list for PBXNativeTarget "islamicapp" */;
			buildPhases = (
				S10001 /* Sources */,
				FR0001 /* Frameworks */,
			);
			buildRules = (
			);
			dependencies = (
			);
			name = islamicapp;
			productName = islamicapp;
			productReference = P10001 /* islamicapp.app */;
			productType = "com.apple.product-type.application";
		};
/* End PBXNativeTarget section */

/* Begin PBXProject section */
		PR0001 /* Project object */ = {
			isa = PBXProject;
			attributes = {
				BuildIndependentTargetsInParallel = 1;
				LastSwiftUpdateCheck = 1600;
				LastUpgradeCheck = 1600;
				TargetAttributes = {
					T10001 = {
						CreatedOnToolsVersion = 16.0;
					};
				};
			};
			buildConfigurationList = CL0001 /* Build configuration list for PBXProject "islamicapp" */;
			compatibilityVersion = "Xcode 14.0";
			developmentRegion = en;
			hasScannedForEncodings = 0;
			knownRegions = (
				en,
				Base,
			);
			mainGroup = G10001;
			productRefGroup = G10003 /* Products */;
			projectDirPath = "";
			projectRoot = "";
			targets = (
				T10001 /* islamicapp */,
			);
		};
/* End PBXProject section */

/* Begin PBXSourcesBuildPhase section */
		S10001 /* Sources */ = {
			isa = PBXSourcesBuildPhase;
			buildActionMask = 2147483647;
			files = (
				B10001 /* islamicapp.swift in Sources */,
				B10002 /* mainview.swift in Sources */,
				B10003 /* prayerview.swift in Sources */,
				B10004 /* quranview.swift in Sources */,
				B10005 /* qiblaview.swift in Sources */,
				B10006 /* duaview.swift in Sources */,
				B10007 /* settingsview.swift in Sources */,
				B10008 /* glassstyle.swift in Sources */,
				B10009 /* liquidbackground.swift in Sources */,
				B10010 /* prayerservice.swift in Sources */,
				B10011 /* prayerviewmodel.swift in Sources */,
				B10012 /* quranmodel.swift in Sources */,
				B10013 /* quranservice.swift in Sources */,
				B10014 /* quranviewmodel.swift in Sources */,
				B10015 /* qiblaservice.swift in Sources */,
				B10016 /* duamodel.swift in Sources */,
			);
			runOnlyForDeploymentPostprocessing = 0;
		};
/* End PBXSourcesBuildPhase section */

/* Begin XCBuildConfiguration section */
		C10001 /* Debug */ = {
			isa = XCBuildConfiguration;
			buildSettings = {
				ALWAYS_SEARCH_USER_PATHS = NO;
				ASSETCATALOG_COMPILER_GENERATE_SWIFT_ASSET_SYMBOL_EXTENSIONS = YES;
				CLANG_ANALYZER_NONNULL = YES;
				CLANG_ANALYZER_NUMBER_OBJECT_CONVERSION = YES_AGGRESSIVE;
				CLANG_CXX_LANGUAGE_STANDARD = "gnu++20";
				CLANG_ENABLE_MODULES = YES;
				CLANG_ENABLE_OBJC_ARC = YES;
				CLANG_ENABLE_OBJC_WEAK = YES;
				CLANG_WARN_BLOCK_CAPTURE_AUTORELEASING = YES;
				CLANG_WARN_BOOL_CONVERSION = YES;
				CLANG_WARN_COMMA = YES;
				CLANG_WARN_CONSTANT_CONVERSION = YES;
				CLANG_WARN_DEPRECATED_OBJC_IMPLEMENTATIONS = YES;
				CLANG_WARN_DIRECT_OBJC_ISA_USAGE = YES_ERROR;
				CLANG_WARN_DOCUMENTATION_COMMENTS = YES;
				CLANG_WARN_EMPTY_BODY = YES;
				CLANG_WARN_ENUM_CONVERSION = YES;
				CLANG_WARN_INFINITE_RECURSION = YES;
				CLANG_WARN_INT_CONVERSION = YES;
				CLANG_WARN_NON_LITERAL_NULL_CONVERSION = YES;
				CLANG_WARN_OBJC_IMPLICIT_RETAIN_SELF = YES;
				CLANG_WARN_OBJC_LITERAL_CONVERSION = YES;
				CLANG_WARN_OBJC_ROOT_CLASS = YES_ERROR;
				CLANG_WARN_QUOTED_INCLUDE_IN_FRAMEWORK_HEADER = YES;
				CLANG_WARN_RANGE_LOOP_ANALYSIS = YES;
				CLANG_WARN_STRICT_PROTOTYPES = YES;
				CLANG_WARN_SUSPICIOUS_MOVE = YES;
				CLANG_WARN_UNGUARDED_AVAILABILITY = YES_AGGRESSIVE;
				CLANG_WARN_UNREACHABLE_CODE = YES;
				CLANG_WARN__DUPLICATE_METHOD_MATCH = YES;
				COPY_PHASE_STRIP = NO;
				DEBUG_INFORMATION_FORMAT = dwarf;
				ENABLE_STRICT_OBJC_MSGSEND = YES;
				ENABLE_TESTABILITY = YES;
				ENABLE_USER_SCRIPT_SANDBOXING = YES;
				GCC_C_LANGUAGE_STANDARD = gnu17;
				GCC_DYNAMIC_NO_PIC = NO;
				GCC_NO_COMMON_BLOCKS = YES;
				GCC_OPTIMIZATION_LEVEL = 0;
				GCC_PREPROCESSOR_DEFINITIONS = (
					"DEBUG=1",
					"$(inherited)",
				);
				GCC_WARN_64_TO_32_BIT_CONVERSION = YES;
				GCC_WARN_ABOUT_RETURN_TYPE = YES_ERROR;
				GCC_WARN_UNDECLARED_SELECTOR = YES;
				GCC_WARN_UNINITIALIZED_AUTOS = YES_AGGRESSIVE;
				GCC_WARN_UNUSED_FUNCTION = YES;
				GCC_WARN_UNUSED_VARIABLE = YES;
				IPHONEOS_DEPLOYMENT_TARGET = 17.0;
				LOCALIZATION_PREFERS_STRING_CATALOGS = YES;
				MTL_ENABLE_DEBUG_INFO = INCLUDE_SOURCE;
				MTL_FAST_MATH = YES;
				ONLY_ACTIVE_ARCH = YES;
				SDKROOT = iphoneos;
				SWIFT_ACTIVE_COMPILATION_CONDITIONS = "DEBUG $(inherited)";
				SWIFT_OPTIMIZATION_LEVEL = "-Onone";
			};
			name = Debug;
		};
		C10002 /* Release */ = {
			isa = XCBuildConfiguration;
			buildSettings = {
				ALWAYS_SEARCH_USER_PATHS = NO;
				ASSETCATALOG_COMPILER_GENERATE_SWIFT_ASSET_SYMBOL_EXTENSIONS = YES;
				CLANG_ANALYZER_NONNULL = YES;
				CLANG_ANALYZER_NUMBER_OBJECT_CONVERSION = YES_AGGRESSIVE;
				CLANG_CXX_LANGUAGE_STANDARD = "gnu++20";
				CLANG_ENABLE_MODULES = YES;
				CLANG_ENABLE_OBJC_ARC = YES;
				CLANG_ENABLE_OBJC_WEAK = YES;
				CLANG_WARN_BLOCK_CAPTURE_AUTORELEASING = YES;
				CLANG_WARN_BOOL_CONVERSION = YES;
				CLANG_WARN_COMMA = YES;
				CLANG_WARN_CONSTANT_CONVERSION = YES;
				CLANG_WARN_DEPRECATED_OBJC_IMPLEMENTATIONS = YES;
				CLANG_WARN_DIRECT_OBJC_ISA_USAGE = YES_ERROR;
				CLANG_WARN_DOCUMENTATION_COMMENTS = YES;
				CLANG_WARN_EMPTY_BODY = YES;
				CLANG_WARN_ENUM_CONVERSION = YES;
				CLANG_WARN_INFINITE_RECURSION = YES;
				CLANG_WARN_INT_CONVERSION = YES;
				CLANG_WARN_NON_LITERAL_NULL_CONVERSION = YES;
				CLANG_WARN_OBJC_IMPLICIT_RETAIN_SELF = YES;
				CLANG_WARN_OBJC_LITERAL_CONVERSION = YES;
				CLANG_WARN_OBJC_ROOT_CLASS = YES_ERROR;
				CLANG_WARN_QUOTED_INCLUDE_IN_FRAMEWORK_HEADER = YES;
				CLANG_WARN_RANGE_LOOP_ANALYSIS = YES;
				CLANG_WARN_STRICT_PROTOTYPES = YES;
				CLANG_WARN_SUSPICIOUS_MOVE = YES;
				CLANG_WARN_UNGUARDED_AVAILABILITY = YES_AGGRESSIVE;
				CLANG_WARN_UNREACHABLE_CODE = YES;
				CLANG_WARN__DUPLICATE_METHOD_MATCH = YES;
				COPY_PHASE_STRIP = NO;
				DEBUG_INFORMATION_FORMAT = "dwarf-with-dsym";
				ENABLE_NS_ASSERTIONS = NO;
				ENABLE_STRICT_OBJC_MSGSEND = YES;
				ENABLE_USER_SCRIPT_SANDBOXING = YES;
				GCC_C_LANGUAGE_STANDARD = gnu17;
				GCC_NO_COMMON_BLOCKS = YES;
				GCC_WARN_64_TO_32_BIT_CONVERSION = YES;
				GCC_WARN_ABOUT_RETURN_TYPE = YES_ERROR;
				GCC_WARN_UNDECLARED_SELECTOR = YES;
				GCC_WARN_UNINITIALIZED_AUTOS = YES_AGGRESSIVE;
				GCC_WARN_UNUSED_FUNCTION = YES;
				GCC_WARN_UNUSED_VARIABLE = YES;
				IPHONEOS_DEPLOYMENT_TARGET = 17.0;
				LOCALIZATION_PREFERS_STRING_CATALOGS = YES;
				MTL_ENABLE_DEBUG_INFO = NO;
				MTL_FAST_MATH = YES;
				SDKROOT = iphoneos;
				SWIFT_COMPILATION_MODE = wholemodule;
				VALIDATE_PRODUCT = YES;
			};
			name = Release;
		};
		C20001 /* Debug */ = {
			isa = XCBuildConfiguration;
			buildSettings = {
				ASSETCATALOG_COMPILER_APPICON_NAME = AppIcon;
				ASSETCATALOG_COMPILER_GLOBAL_ACCENT_COLOR_NAME = AccentColor;
				CODE_SIGN_STYLE = Automatic;
				CURRENT_PROJECT_VERSION = 1;
				DEVELOPMENT_TEAM = "";
				ENABLE_PREVIEWS = YES;
				GENERATE_INFOPLIST_FILE = YES;
				INFOPLIST_KEY_CFBundleDisplayName = Islamic;
				INFOPLIST_KEY_NSLocationWhenInUseUsageDescription = "We need your location to calculate accurate prayer times and Qibla direction.";
				INFOPLIST_KEY_UIApplicationSceneManifest_Generation = YES;
				INFOPLIST_KEY_UIApplicationSupportsIndirectInputEvents = YES;
				INFOPLIST_KEY_UILaunchScreen_Generation = YES;
				INFOPLIST_KEY_UISupportedInterfaceOrientations = UIInterfaceOrientationPortrait;
				INFOPLIST_KEY_UISupportedInterfaceOrientations_iPad = "UIInterfaceOrientationLandscapeLeft UIInterfaceOrientationLandscapeRight UIInterfaceOrientationPortrait UIInterfaceOrientationPortraitUpsideDown";
				LD_RUNPATH_SEARCH_PATHS = (
					"$(inherited)",
					"@executable_path/Frameworks",
				);
				MARKETING_VERSION = 1.0;
				PRODUCT_BUNDLE_IDENTIFIER = com.islamicapp.app;
				PRODUCT_NAME = "$(TARGET_NAME)";
				SWIFT_EMIT_LOC_STRINGS = YES;
				SWIFT_VERSION = 5.0;
				TARGETED_DEVICE_FAMILY = "1,2";
			};
			name = Debug;
		};
		C20002 /* Release */ = {
			isa = XCBuildConfiguration;
			buildSettings = {
				ASSETCATALOG_COMPILER_APPICON_NAME = AppIcon;
				ASSETCATALOG_COMPILER_GLOBAL_ACCENT_COLOR_NAME = AccentColor;
				CODE_SIGN_STYLE = Automatic;
				CURRENT_PROJECT_VERSION = 1;
				DEVELOPMENT_TEAM = "";
				ENABLE_PREVIEWS = YES;
				GENERATE_INFOPLIST_FILE = YES;
				INFOPLIST_KEY_CFBundleDisplayName = Islamic;
				INFOPLIST_KEY_NSLocationWhenInUseUsageDescription = "We need your location to calculate accurate prayer times and Qibla direction.";
				INFOPLIST_KEY_UIApplicationSceneManifest_Generation = YES;
				INFOPLIST_KEY_UIApplicationSupportsIndirectInputEvents = YES;
				INFOPLIST_KEY_UILaunchScreen_Generation = YES;
				INFOPLIST_KEY_UISupportedInterfaceOrientations = UIInterfaceOrientationPortrait;
				INFOPLIST_KEY_UISupportedInterfaceOrientations_iPad = "UIInterfaceOrientationLandscapeLeft UIInterfaceOrientationLandscapeRight UIInterfaceOrientationPortrait UIInterfaceOrientationPortraitUpsideDown";
				LD_RUNPATH_SEARCH_PATHS = (
					"$(inherited)",
					"@executable_path/Frameworks",
				);
				MARKETING_VERSION = 1.0;
				PRODUCT_BUNDLE_IDENTIFIER = com.islamicapp.app;
				PRODUCT_NAME = "$(TARGET_NAME)";
				SWIFT_EMIT_LOC_STRINGS = YES;
				SWIFT_VERSION = 5.0;
				TARGETED_DEVICE_FAMILY = "1,2";
			};
			name = Release;
		};
/* End XCBuildConfiguration section */

/* Begin XCConfigurationList section */
		CL0001 /* Build configuration list for PBXProject "islamicapp" */ = {
			isa = XCConfigurationList;
			buildConfigurations = (
				C10001 /* Debug */,
				C10002 /* Release */,
			);
			defaultConfigurationIsVisible = 0;
			defaultConfigurationName = Release;
		};
		CL0002 /* Build configuration list for PBXNativeTarget "islamicapp" */ = {
			isa = XCConfigurationList;
			buildConfigurations = (
				C20001 /* Debug */,
				C20002 /* Release */,
			);
			defaultConfigurationIsVisible = 0;
			defaultConfigurationName = Release;
		};
/* End XCConfigurationList section */
	};
	rootObject = PR0001 /* Project object */;
}
